
Microsoft Visual Studio Solution File, Format Version 12.00
# Visual Studio Version 17
VisualStudioVersion = 17.14.36518.9 d17.14
MinimumVisualStudioVersion = 10.0.40219.1
Project("{FAE04EC0-301F-11D3-BF4B-00C04F79EFBC}") = "PostgresqlDockerDemo", "PostgresqlDockerDemo.csproj", "{47FBC237-95C2-42E4-9AE7-5B6037F7A167}"
EndProject
Global
	GlobalSection(SolutionConfigurationPlatforms) = preSolution
		Debug|Any CPU = Debug|Any CPU
		Release|Any CPU = Release|Any CPU
	EndGlobalSection
	GlobalSection(ProjectConfigurationPlatforms) = postSolution
		{47FBC237-95C2-42E4-9AE7-5B6037F7A167}.Debug|Any CPU.ActiveCfg = Debug|Any CPU
		{47FBC237-95C2-42E4-9AE7-5B6037F7A167}.Debug|Any CPU.Build.0 = Debug|Any CPU
		{47FBC237-95C2-42E4-9AE7-5B6037F7A167}.Release|Any CPU.ActiveCfg = Release|Any CPU
		{47FBC237-95C2-42E4-9AE7-5B6037F7A167}.Release|Any CPU.Build.0 = Release|Any CPU
	EndGlobalSection
	GlobalSection(SolutionProperties) = preSolution
		HideSolutionNode = FALSE
	EndGlobalSection
	GlobalSection(ExtensibilityGlobals) = postSolution
		SolutionGuid = {53D8319B-F399-4B10-A7B0-C9D9F938EFB8}
	EndGlobalSection
EndGlobal
